
Microsoft Visual Studio Solution File, Format Version 12.00
# Visual Studio Version 17
VisualStudioVersion = 17.11.35303.130
MinimumVisualStudioVersion = 10.0.40219.1
Project("{2150E333-8FDC-42A3-9474-1A3956D46DE8}") = "src", "src", "{A0000000-0000-0000-0000-000000000001}"
EndProject
Project("{2150E333-8FDC-42A3-9474-1A3956D46DE8}") = "tests", "tests", "{A0000000-0000-0000-0000-000000000002}"
EndProject
Project("{FAE04EC0-301F-11D3-BF4B-00C04F79EFBC}") = "ECommerceAgents.Shared", "src\ECommerceAgents.Shared\ECommerceAgents.Shared.csproj", "{B0000000-0000-0000-0000-000000000001}"
EndProject
Project("{FAE04EC0-301F-11D3-BF4B-00C04F79EFBC}") = "ECommerceAgents.Orchestrator", "src\ECommerceAgents.Orchestrator\ECommerceAgents.Orchestrator.csproj", "{B0000000-0000-0000-0000-000000000002}"
EndProject
Project("{FAE04EC0-301F-11D3-BF4B-00C04F79EFBC}") = "ECommerceAgents.ProductDiscovery", "src\ECommerceAgents.ProductDiscovery\ECommerceAgents.ProductDiscovery.csproj", "{B0000000-0000-0000-0000-000000000003}"
EndProject
Project("{FAE04EC0-301F-11D3-BF4B-00C04F79EFBC}") = "ECommerceAgents.OrderManagement", "src\ECommerceAgents.OrderManagement\ECommerceAgents.OrderManagement.csproj", "{B0000000-0000-0000-0000-000000000004}"
EndProject
Project("{FAE04EC0-301F-11D3-BF4B-00C04F79EFBC}") = "ECommerceAgents.PricingPromotions", "src\ECommerceAgents.PricingPromotions\ECommerceAgents.PricingPromotions.csproj", "{B0000000-0000-0000-0000-000000000005}"
EndProject
Project("{FAE04EC0-301F-11D3-BF4B-00C04F79EFBC}") = "ECommerceAgents.ReviewSentiment", "src\ECommerceAgents.ReviewSentiment\ECommerceAgents.ReviewSentiment.csproj", "{B0000000-0000-0000-0000-000000000006}"
EndProject
Project("{FAE04EC0-301F-11D3-BF4B-00C04F79EFBC}") = "ECommerceAgents.InventoryFulfillment", "src\ECommerceAgents.InventoryFulfillment\ECommerceAgents.InventoryFulfillment.csproj", "{B0000000-0000-0000-0000-000000000007}"
EndProject
Project("{FAE04EC0-301F-11D3-BF4B-00C04F79EFBC}") = "ECommerceAgents.TestFixtures", "tests\ECommerceAgents.TestFixtures\ECommerceAgents.TestFixtures.csproj", "{0B15B231-DFA1-4C14-B5A2-57A32A0B6B6C}"
EndProject
Project("{FAE04EC0-301F-11D3-BF4B-00C04F79EFBC}") = "ECommerceAgents.ProductDiscovery.Tests", "tests\ECommerceAgents.ProductDiscovery.Tests\ECommerceAgents.ProductDiscovery.Tests.csproj", "{ED91455C-C0F8-499F-8AFF-72141B87A7A3}"
EndProject
Project("{FAE04EC0-301F-11D3-BF4B-00C04F79EFBC}") = "ECommerceAgents.Shared.Tests", "tests\ECommerceAgents.Shared.Tests\ECommerceAgents.Shared.Tests.csproj", "{98F2391B-6BE9-46B2-ACA0-95C84C9562FC}"
EndProject
Project("{FAE04EC0-301F-11D3-BF4B-00C04F79EFBC}") = "ECommerceAgents.OrderManagement.Tests", "tests\ECommerceAgents.OrderManagement.Tests\ECommerceAgents.OrderManagement.Tests.csproj", "{8CED21F9-CACA-4E54-831E-449100C945E9}"
EndProject
Project("{FAE04EC0-301F-11D3-BF4B-00C04F79EFBC}") = "ECommerceAgents.PricingPromotions.Tests", "tests\ECommerceAgents.PricingPromotions.Tests\ECommerceAgents.PricingPromotions.Tests.csproj", "{161B1AD2-E1BD-4287-9018-FE06F0909409}"
EndProject
Project("{FAE04EC0-301F-11D3-BF4B-00C04F79EFBC}") = "ECommerceAgents.ReviewSentiment.Tests", "tests\ECommerceAgents.ReviewSentiment.Tests\ECommerceAgents.ReviewSentiment.Tests.csproj", "{593272FD-51B8-4C10-98F4-BE2B97C6AA96}"
EndProject
Project("{FAE04EC0-301F-11D3-BF4B-00C04F79EFBC}") = "ECommerceAgents.InventoryFulfillment.Tests", "tests\ECommerceAgents.InventoryFulfillment.Tests\ECommerceAgents.InventoryFulfillment.Tests.csproj", "{FCD1D6E6-32B0-478F-BAFC-9A696D4A026E}"
EndProject
Project("{FAE04EC0-301F-11D3-BF4B-00C04F79EFBC}") = "ECommerceAgents.Mcp", "src\ECommerceAgents.Mcp\ECommerceAgents.Mcp.csproj", "{AC577B49-A993-4F34-B309-CE159CF941D4}"
EndProject
Project("{FAE04EC0-301F-11D3-BF4B-00C04F79EFBC}") = "ECommerceAgents.Mcp.Tests", "tests\ECommerceAgents.Mcp.Tests\ECommerceAgents.Mcp.Tests.csproj", "{3B9770F8-91DC-4914-8B88-4F92888A31B6}"
EndProject
Project("{FAE04EC0-301F-11D3-BF4B-00C04F79EFBC}") = "ECommerceAgents.Orchestrator.Tests", "tests\ECommerceAgents.Orchestrator.Tests\ECommerceAgents.Orchestrator.Tests.csproj", "{F5BD626C-BC44-4FC9-8AB3-777D716EF9A3}"
EndProject
Project("{FAE04EC0-301F-11D3-BF4B-00C04F79EFBC}") = "ECommerceAgents.Evals", "src\ECommerceAgents.Evals\ECommerceAgents.Evals.csproj", "{93253A84-ADFE-4934-9541-92B3D261296F}"
EndProject
Global
	GlobalSection(SolutionConfigurationPlatforms) = preSolution
		Debug|Any CPU = Debug|Any CPU
		Debug|x64 = Debug|x64
		Debug|x86 = Debug|x86
		Release|Any CPU = Release|Any CPU
		Release|x64 = Release|x64
		Release|x86 = Release|x86
	EndGlobalSection
	GlobalSection(ProjectConfigurationPlatforms) = postSolution
		{B0000000-0000-0000-0000-000000000001}.Debug|Any CPU.ActiveCfg = Debug|Any CPU
		{B0000000-0000-0000-0000-000000000001}.Debug|Any CPU.Build.0 = Debug|Any CPU
		{B0000000-0000-0000-0000-000000000001}.Debug|x64.ActiveCfg = Debug|Any CPU
		{B0000000-0000-0000-0000-000000000001}.Debug|x64.Build.0 = Debug|Any CPU
		{B0000000-0000-0000-0000-000000000001}.Debug|x86.ActiveCfg = Debug|Any CPU
		{B0000000-0000-0000-0000-000000000001}.Debug|x86.Build.0 = Debug|Any CPU
		{B0000000-0000-0000-0000-000000000001}.Release|Any CPU.ActiveCfg = Release|Any CPU
		{B0000000-0000-0000-0000-000000000001}.Release|Any CPU.Build.0 = Release|Any CPU
		{B0000000-0000-0000-0000-000000000001}.Release|x64.ActiveCfg = Release|Any CPU
		{B0000000-0000-0000-0000-000000000001}.Release|x64.Build.0 = Release|Any CPU
		{B0000000-0000-0000-0000-000000000001}.Release|x86.ActiveCfg = Release|Any CPU
		{B0000000-0000-0000-0000-000000000001}.Release|x86.Build.0 = Release|Any CPU
		{B0000000-0000-0000-0000-000000000002}.Debug|Any CPU.ActiveCfg = Debug|Any CPU
		{B0000000-0000-0000-0000-000000000002}.Debug|Any CPU.Build.0 = Debug|Any CPU
		{B0000000-0000-0000-0000-000000000002}.Debug|x64.ActiveCfg = Debug|Any CPU
		{B0000000-0000-0000-0000-000000000002}.Debug|x64.Build.0 = Debug|Any CPU
		{B0000000-0000-0000-0000-000000000002}.Debug|x86.ActiveCfg = Debug|Any CPU
		{B0000000-0000-0000-0000-000000000002}.Debug|x86.Build.0 = Debug|Any CPU
		{B0000000-0000-0000-0000-000000000002}.Release|Any CPU.ActiveCfg = Release|Any CPU
		{B0000000-0000-0000-0000-000000000002}.Release|Any CPU.Build.0 = Release|Any CPU
		{B0000000-0000-0000-0000-000000000002}.Release|x64.ActiveCfg = Release|Any CPU
		{B0000000-0000-0000-0000-000000000002}.Release|x64.Build.0 = Release|Any CPU
		{B0000000-0000-0000-0000-000000000002}.Release|x86.ActiveCfg = Release|Any CPU
		{B0000000-0000-0000-0000-000000000002}.Release|x86.Build.0 = Release|Any CPU
		{B0000000-0000-0000-0000-000000000003}.Debug|Any CPU.ActiveCfg = Debug|Any CPU
		{B0000000-0000-0000-0000-000000000003}.Debug|Any CPU.Build.0 = Debug|Any CPU
		{B0000000-0000-0000-0000-000000000003}.Debug|x64.ActiveCfg = Debug|Any CPU
		{B0000000-0000-0000-0000-000000000003}.Debug|x64.Build.0 = Debug|Any CPU
		{B0000000-0000-0000-0000-000000000003}.Debug|x86.ActiveCfg = Debug|Any CPU
		{B0000000-0000-0000-0000-000000000003}.Debug|x86.Build.0 = Debug|Any CPU
		{B0000000-0000-0000-0000-000000000003}.Release|Any CPU.ActiveCfg = Release|Any CPU
		{B0000000-0000-0000-0000-000000000003}.Release|Any CPU.Build.0 = Release|Any CPU
		{B0000000-0000-0000-0000-000000000003}.Release|x64.ActiveCfg = Release|Any CPU
		{B0000000-0000-0000-0000-000000000003}.Release|x64.Build.0 = Release|Any CPU
		{B0000000-0000-0000-0000-000000000003}.Release|x86.ActiveCfg = Release|Any CPU
		{B0000000-0000-0000-0000-000000000003}.Release|x86.Build.0 = Release|Any CPU
		{B0000000-0000-0000-0000-000000000004}.Debug|Any CPU.ActiveCfg = Debug|Any CPU
		{B0000000-0000-0000-0000-000000000004}.Debug|Any CPU.Build.0 = Debug|Any CPU
		{B0000000-0000-0000-0000-000000000004}.Debug|x64.ActiveCfg = Debug|Any CPU
		{B0000000-0000-0000-0000-000000000004}.Debug|x64.Build.0 = Debug|Any CPU
		{B0000000-0000-0000-0000-000000000004}.Debug|x86.ActiveCfg = Debug|Any CPU
		{B0000000-0000-0000-0000-000000000004}.Debug|x86.Build.0 = Debug|Any CPU
		{B0000000-0000-0000-0000-000000000004}.Release|Any CPU.ActiveCfg = Release|Any CPU
		{B0000000-0000-0000-0000-000000000004}.Release|Any CPU.Build.0 = Release|Any CPU
		{B0000000-0000-0000-0000-000000000004}.Release|x64.ActiveCfg = Release|Any CPU
		{B0000000-0000-0000-0000-000000000004}.Release|x64.Build.0 = Release|Any CPU
		{B0000000-0000-0000-0000-000000000004}.Release|x86.ActiveCfg = Release|Any CPU
		{B0000000-0000-0000-0000-000000000004}.Release|x86.Build.0 = Release|Any CPU
		{B0000000-0000-0000-0000-000000000005}.Debug|Any CPU.ActiveCfg = Debug|Any CPU
		{B0000000-0000-0000-0000-000000000005}.Debug|Any CPU.Build.0 = Debug|Any CPU
		{B0000000-0000-0000-0000-000000000005}.Debug|x64.ActiveCfg = Debug|Any CPU
		{B0000000-0000-0000-0000-000000000005}.Debug|x64.Build.0 = Debug|Any CPU
		{B0000000-0000-0000-0000-000000000005}.Debug|x86.ActiveCfg = Debug|Any CPU
		{B0000000-0000-0000-0000-000000000005}.Debug|x86.Build.0 = Debug|Any CPU
		{B0000000-0000-0000-0000-000000000005}.Release|Any CPU.ActiveCfg = Release|Any CPU
		{B0000000-0000-0000-0000-000000000005}.Release|Any CPU.Build.0 = Release|Any CPU
		{B0000000-0000-0000-0000-000000000005}.Release|x64.ActiveCfg = Release|Any CPU
		{B0000000-0000-0000-0000-000000000005}.Release|x64.Build.0 = Release|Any CPU
		{B0000000-0000-0000-0000-000000000005}.Release|x86.ActiveCfg = Release|Any CPU
		{B0000000-0000-0000-0000-000000000005}.Release|x86.Build.0 = Release|Any CPU
		{B0000000-0000-0000-0000-000000000006}.Debug|Any CPU.ActiveCfg = Debug|Any CPU
		{B0000000-0000-0000-0000-000000000006}.Debug|Any CPU.Build.0 = Debug|Any CPU
		{B0000000-0000-0000-0000-000000000006}.Debug|x64.ActiveCfg = Debug|Any CPU
		{B0000000-0000-0000-0000-000000000006}.Debug|x64.Build.0 = Debug|Any CPU
		{B0000000-0000-0000-0000-000000000006}.Debug|x86.ActiveCfg = Debug|Any CPU
		{B0000000-0000-0000-0000-000000000006}.Debug|x86.Build.0 = Debug|Any CPU
		{B0000000-0000-0000-0000-000000000006}.Release|Any CPU.ActiveCfg = Release|Any CPU
		{B0000000-0000-0000-0000-000000000006}.Release|Any CPU.Build.0 = Release|Any CPU
		{B0000000-0000-0000-0000-000000000006}.Release|x64.ActiveCfg = Release|Any CPU
		{B0000000-0000-0000-0000-000000000006}.Release|x64.Build.0 = Release|Any CPU
		{B0000000-0000-0000-0000-000000000006}.Release|x86.ActiveCfg = Release|Any CPU
		{B0000000-0000-0000-0000-000000000006}.Release|x86.Build.0 = Release|Any CPU
		{B0000000-0000-0000-0000-000000000007}.Debug|Any CPU.ActiveCfg = Debug|Any CPU
		{B0000000-0000-0000-0000-000000000007}.Debug|Any CPU.Build.0 = Debug|Any CPU
		{B0000000-0000-0000-0000-000000000007}.Debug|x64.ActiveCfg = Debug|Any CPU
		{B0000000-0000-0000-0000-000000000007}.Debug|x64.Build.0 = Debug|Any CPU
		{B0000000-0000-0000-0000-000000000007}.Debug|x86.ActiveCfg = Debug|Any CPU
		{B0000000-0000-0000-0000-000000000007}.Debug|x86.Build.0 = Debug|Any CPU
		{B0000000-0000-0000-0000-000000000007}.Release|Any CPU.ActiveCfg = Release|Any CPU
		{B0000000-0000-0000-0000-000000000007}.Release|Any CPU.Build.0 = Release|Any CPU
		{B0000000-0000-0000-0000-000000000007}.Release|x64.ActiveCfg = Release|Any CPU
		{B0000000-0000-0000-0000-000000000007}.Release|x64.Build.0 = Release|Any CPU
		{B0000000-0000-0000-0000-000000000007}.Release|x86.ActiveCfg = Release|Any CPU
		{B0000000-0000-0000-0000-000000000007}.Release|x86.Build.0 = Release|Any CPU
		{0B15B231-DFA1-4C14-B5A2-57A32A0B6B6C}.Debug|Any CPU.ActiveCfg = Debug|Any CPU
		{0B15B231-DFA1-4C14-B5A2-57A32A0B6B6C}.Debug|Any CPU.Build.0 = Debug|Any CPU
		{0B15B231-DFA1-4C14-B5A2-57A32A0B6B6C}.Debug|x64.ActiveCfg = Debug|Any CPU
		{0B15B231-DFA1-4C14-B5A2-57A32A0B6B6C}.Debug|x64.Build.0 = Debug|Any CPU
		{0B15B231-DFA1-4C14-B5A2-57A32A0B6B6C}.Debug|x86.ActiveCfg = Debug|Any CPU
		{0B15B231-DFA1-4C14-B5A2-57A32A0B6B6C}.Debug|x86.Build.0 = Debug|Any CPU
		{0B15B231-DFA1-4C14-B5A2-57A32A0B6B6C}.Release|Any CPU.ActiveCfg = Release|Any CPU
		{0B15B231-DFA1-4C14-B5A2-57A32A0B6B6C}.Release|Any CPU.Build.0 = Release|Any CPU
		{0B15B231-DFA1-4C14-B5A2-57A32A0B6B6C}.Release|x64.ActiveCfg = Release|Any CPU
		{0B15B231-DFA1-4C14-B5A2-57A32A0B6B6C}.Release|x64.Build.0 = Release|Any CPU
		{0B15B231-DFA1-4C14-B5A2-57A32A0B6B6C}.Release|x86.ActiveCfg = Release|Any CPU
		{0B15B231-DFA1-4C14-B5A2-57A32A0B6B6C}.Release|x86.Build.0 = Release|Any CPU
		{ED91455C-C0F8-499F-8AFF-72141B87A7A3}.Debug|Any CPU.ActiveCfg = Debug|Any CPU
		{ED91455C-C0F8-499F-8AFF-72141B87A7A3}.Debug|Any CPU.Build.0 = Debug|Any CPU
		{ED91455C-C0F8-499F-8AFF-72141B87A7A3}.Debug|x64.ActiveCfg = Debug|Any CPU
		{ED91455C-C0F8-499F-8AFF-72141B87A7A3}.Debug|x64.Build.0 = Debug|Any CPU
		{ED91455C-C0F8-499F-8AFF-72141B87A7A3}.Debug|x86.ActiveCfg = Debug|Any CPU
		{ED91455C-C0F8-499F-8AFF-72141B87A7A3}.Debug|x86.Build.0 = Debug|Any CPU
		{ED91455C-C0F8-499F-8AFF-72141B87A7A3}.Release|Any CPU.ActiveCfg = Release|Any CPU
		{ED91455C-C0F8-499F-8AFF-72141B87A7A3}.Release|Any CPU.Build.0 = Release|Any CPU
		{ED91455C-C0F8-499F-8AFF-72141B87A7A3}.Release|x64.ActiveCfg = Release|Any CPU
		{ED91455C-C0F8-499F-8AFF-72141B87A7A3}.Release|x64.Build.0 = Release|Any CPU
		{ED91455C-C0F8-499F-8AFF-72141B87A7A3}.Release|x86.ActiveCfg = Release|Any CPU
		{ED91455C-C0F8-499F-8AFF-72141B87A7A3}.Release|x86.Build.0 = Release|Any CPU
		{98F2391B-6BE9-46B2-ACA0-95C84C9562FC}.Debug|Any CPU.ActiveCfg = Debug|Any CPU
		{98F2391B-6BE9-46B2-ACA0-95C84C9562FC}.Debug|Any CPU.Build.0 = Debug|Any CPU
		{98F2391B-6BE9-46B2-ACA0-95C84C9562FC}.Debug|x64.ActiveCfg = Debug|Any CPU
		{98F2391B-6BE9-46B2-ACA0-95C84C9562FC}.Debug|x64.Build.0 = Debug|Any CPU
		{98F2391B-6BE9-46B2-ACA0-95C84C9562FC}.Debug|x86.ActiveCfg = Debug|Any CPU
		{98F2391B-6BE9-46B2-ACA0-95C84C9562FC}.Debug|x86.Build.0 = Debug|Any CPU
		{98F2391B-6BE9-46B2-ACA0-95C84C9562FC}.Release|Any CPU.ActiveCfg = Release|Any CPU
		{98F2391B-6BE9-46B2-ACA0-95C84C9562FC}.Release|Any CPU.Build.0 = Release|Any CPU
		{98F2391B-6BE9-46B2-ACA0-95C84C9562FC}.Release|x64.ActiveCfg = Release|Any CPU
		{98F2391B-6BE9-46B2-ACA0-95C84C9562FC}.Release|x64.Build.0 = Release|Any CPU
		{98F2391B-6BE9-46B2-ACA0-95C84C9562FC}.Release|x86.ActiveCfg = Release|Any CPU
		{98F2391B-6BE9-46B2-ACA0-95C84C9562FC}.Release|x86.Build.0 = Release|Any CPU
		{8CED21F9-CACA-4E54-831E-449100C945E9}.Debug|Any CPU.ActiveCfg = Debug|Any CPU
		{8CED21F9-CACA-4E54-831E-449100C945E9}.Debug|Any CPU.Build.0 = Debug|Any CPU
		{8CED21F9-CACA-4E54-831E-449100C945E9}.Debug|x64.ActiveCfg = Debug|Any CPU
		{8CED21F9-CACA-4E54-831E-449100C945E9}.Debug|x64.Build.0 = Debug|Any CPU
		{8CED21F9-CACA-4E54-831E-449100C945E9}.Debug|x86.ActiveCfg = Debug|Any CPU
		{8CED21F9-CACA-4E54-831E-449100C945E9}.Debug|x86.Build.0 = Debug|Any CPU
		{8CED21F9-CACA-4E54-831E-449100C945E9}.Release|Any CPU.ActiveCfg = Release|Any CPU
		{8CED21F9-CACA-4E54-831E-449100C945E9}.Release|Any CPU.Build.0 = Release|Any CPU
		{8CED21F9-CACA-4E54-831E-449100C945E9}.Release|x64.ActiveCfg = Release|Any CPU
		{8CED21F9-CACA-4E54-831E-449100C945E9}.Release|x64.Build.0 = Release|Any CPU
		{8CED21F9-CACA-4E54-831E-449100C945E9}.Release|x86.ActiveCfg = Release|Any CPU
		{8CED21F9-CACA-4E54-831E-449100C945E9}.Release|x86.Build.0 = Release|Any CPU
		{161B1AD2-E1BD-4287-9018-FE06F0909409}.Debug|Any CPU.ActiveCfg = Debug|Any CPU
		{161B1AD2-E1BD-4287-9018-FE06F0909409}.Debug|Any CPU.Build.0 = Debug|Any CPU
		{161B1AD2-E1BD-4287-9018-FE06F0909409}.Debug|x64.ActiveCfg = Debug|Any CPU
		{161B1AD2-E1BD-4287-9018-FE06F0909409}.Debug|x64.Build.0 = Debug|Any CPU
		{161B1AD2-E1BD-4287-9018-FE06F0909409}.Debug|x86.ActiveCfg = Debug|Any CPU
		{161B1AD2-E1BD-4287-9018-FE06F0909409}.Debug|x86.Build.0 = Debug|Any CPU
		{161B1AD2-E1BD-4287-9018-FE06F0909409}.Release|Any CPU.ActiveCfg = Release|Any CPU
		{161B1AD2-E1BD-4287-9018-FE06F0909409}.Release|Any CPU.Build.0 = Release|Any CPU
		{161B1AD2-E1BD-4287-9018-FE06F0909409}.Release|x64.ActiveCfg = Release|Any CPU
		{161B1AD2-E1BD-4287-9018-FE06F0909409}.Release|x64.Build.0 = Release|Any CPU
		{161B1AD2-E1BD-4287-9018-FE06F0909409}.Release|x86.ActiveCfg = Release|Any CPU
		{161B1AD2-E1BD-4287-9018-FE06F0909409}.Release|x86.Build.0 = Release|Any CPU
		{593272FD-51B8-4C10-98F4-BE2B97C6AA96}.Debug|Any CPU.ActiveCfg = Debug|Any CPU
		{593272FD-51B8-4C10-98F4-BE2B97C6AA96}.Debug|Any CPU.Build.0 = Debug|Any CPU
		{593272FD-51B8-4C10-98F4-BE2B97C6AA96}.Debug|x64.ActiveCfg = Debug|Any CPU
		{593272FD-51B8-4C10-98F4-BE2B97C6AA96}.Debug|x64.Build.0 = Debug|Any CPU
		{593272FD-51B8-4C10-98F4-BE2B97C6AA96}.Debug|x86.ActiveCfg = Debug|Any CPU
		{593272FD-51B8-4C10-98F4-BE2B97C6AA96}.Debug|x86.Build.0 = Debug|Any CPU
		{593272FD-51B8-4C10-98F4-BE2B97C6AA96}.Release|Any CPU.ActiveCfg = Release|Any CPU
		{593272FD-51B8-4C10-98F4-BE2B97C6AA96}.Release|Any CPU.Build.0 = Release|Any CPU
		{593272FD-51B8-4C10-98F4-BE2B97C6AA96}.Release|x64.ActiveCfg = Release|Any CPU
		{593272FD-51B8-4C10-98F4-BE2B97C6AA96}.Release|x64.Build.0 = Release|Any CPU
		{593272FD-51B8-4C10-98F4-BE2B97C6AA96}.Release|x86.ActiveCfg = Release|Any CPU
		{593272FD-51B8-4C10-98F4-BE2B97C6AA96}.Release|x86.Build.0 = Release|Any CPU
		{FCD1D6E6-32B0-478F-BAFC-9A696D4A026E}.Debug|Any CPU.ActiveCfg = Debug|Any CPU
		{FCD1D6E6-32B0-478F-BAFC-9A696D4A026E}.Debug|Any CPU.Build.0 = Debug|Any CPU
		{FCD1D6E6-32B0-478F-BAFC-9A696D4A026E}.Debug|x64.ActiveCfg = Debug|Any CPU
		{FCD1D6E6-32B0-478F-BAFC-9A696D4A026E}.Debug|x64.Build.0 = Debug|Any CPU
		{FCD1D6E6-32B0-478F-BAFC-9A696D4A026E}.Debug|x86.ActiveCfg = Debug|Any CPU
		{FCD1D6E6-32B0-478F-BAFC-9A696D4A026E}.Debug|x86.Build.0 = Debug|Any CPU
		{FCD1D6E6-32B0-478F-BAFC-9A696D4A026E}.Release|Any CPU.ActiveCfg = Release|Any CPU
		{FCD1D6E6-32B0-478F-BAFC-9A696D4A026E}.Release|Any CPU.Build.0 = Release|Any CPU
		{FCD1D6E6-32B0-478F-BAFC-9A696D4A026E}.Release|x64.ActiveCfg = Release|Any CPU
		{FCD1D6E6-32B0-478F-BAFC-9A696D4A026E}.Release|x64.Build.0 = Release|Any CPU
		{FCD1D6E6-32B0-478F-BAFC-9A696D4A026E}.Release|x86.ActiveCfg = Release|Any CPU
		{FCD1D6E6-32B0-478F-BAFC-9A696D4A026E}.Release|x86.Build.0 = Release|Any CPU
		{AC577B49-A993-4F34-B309-CE159CF941D4}.Debug|Any CPU.ActiveCfg = Debug|Any CPU
		{AC577B49-A993-4F34-B309-CE159CF941D4}.Debug|Any CPU.Build.0 = Debug|Any CPU
		{AC577B49-A993-4F34-B309-CE159CF941D4}.Debug|x64.ActiveCfg = Debug|Any CPU
		{AC577B49-A993-4F34-B309-CE159CF941D4}.Debug|x64.Build.0 = Debug|Any CPU
		{AC577B49-A993-4F34-B309-CE159CF941D4}.Debug|x86.ActiveCfg = Debug|Any CPU
		{AC577B49-A993-4F34-B309-CE159CF941D4}.Debug|x86.Build.0 = Debug|Any CPU
		{AC577B49-A993-4F34-B309-CE159CF941D4}.Release|Any CPU.ActiveCfg = Release|Any CPU
		{AC577B49-A993-4F34-B309-CE159CF941D4}.Release|Any CPU.Build.0 = Release|Any CPU
		{AC577B49-A993-4F34-B309-CE159CF941D4}.Release|x64.ActiveCfg = Release|Any CPU
		{AC577B49-A993-4F34-B309-CE159CF941D4}.Release|x64.Build.0 = Release|Any CPU
		{AC577B49-A993-4F34-B309-CE159CF941D4}.Release|x86.ActiveCfg = Release|Any CPU
		{AC577B49-A993-4F34-B309-CE159CF941D4}.Release|x86.Build.0 = Release|Any CPU
		{3B9770F8-91DC-4914-8B88-4F92888A31B6}.Debug|Any CPU.ActiveCfg = Debug|Any CPU
		{3B9770F8-91DC-4914-8B88-4F92888A31B6}.Debug|Any CPU.Build.0 = Debug|Any CPU
		{3B9770F8-91DC-4914-8B88-4F92888A31B6}.Debug|x64.ActiveCfg = Debug|Any CPU
		{3B9770F8-91DC-4914-8B88-4F92888A31B6}.Debug|x64.Build.0 = Debug|Any CPU
		{3B9770F8-91DC-4914-8B88-4F92888A31B6}.Debug|x86.ActiveCfg = Debug|Any CPU
		{3B9770F8-91DC-4914-8B88-4F92888A31B6}.Debug|x86.Build.0 = Debug|Any CPU
		{3B9770F8-91DC-4914-8B88-4F92888A31B6}.Release|Any CPU.ActiveCfg = Release|Any CPU
		{3B9770F8-91DC-4914-8B88-4F92888A31B6}.Release|Any CPU.Build.0 = Release|Any CPU
		{3B9770F8-91DC-4914-8B88-4F92888A31B6}.Release|x64.ActiveCfg = Release|Any CPU
		{3B9770F8-91DC-4914-8B88-4F92888A31B6}.Release|x64.Build.0 = Release|Any CPU
		{3B9770F8-91DC-4914-8B88-4F92888A31B6}.Release|x86.ActiveCfg = Release|Any CPU
		{3B9770F8-91DC-4914-8B88-4F92888A31B6}.Release|x86.Build.0 = Release|Any CPU
		{F5BD626C-BC44-4FC9-8AB3-777D716EF9A3}.Debug|Any CPU.ActiveCfg = Debug|Any CPU
		{F5BD626C-BC44-4FC9-8AB3-777D716EF9A3}.Debug|Any CPU.Build.0 = Debug|Any CPU
		{F5BD626C-BC44-4FC9-8AB3-777D716EF9A3}.Debug|x64.ActiveCfg = Debug|Any CPU
		{F5BD626C-BC44-4FC9-8AB3-777D716EF9A3}.Debug|x64.Build.0 = Debug|Any CPU
		{F5BD626C-BC44-4FC9-8AB3-777D716EF9A3}.Debug|x86.ActiveCfg = Debug|Any CPU
		{F5BD626C-BC44-4FC9-8AB3-777D716EF9A3}.Debug|x86.Build.0 = Debug|Any CPU
		{F5BD626C-BC44-4FC9-8AB3-777D716EF9A3}.Release|Any CPU.ActiveCfg = Release|Any CPU
		{F5BD626C-BC44-4FC9-8AB3-777D716EF9A3}.Release|Any CPU.Build.0 = Release|Any CPU
		{F5BD626C-BC44-4FC9-8AB3-777D716EF9A3}.Release|x64.ActiveCfg = Release|Any CPU
		{F5BD626C-BC44-4FC9-8AB3-777D716EF9A3}.Release|x64.Build.0 = Release|Any CPU
		{F5BD626C-BC44-4FC9-8AB3-777D716EF9A3}.Release|x86.ActiveCfg = Release|Any CPU
		{F5BD626C-BC44-4FC9-8AB3-777D716EF9A3}.Release|x86.Build.0 = Release|Any CPU
		{93253A84-ADFE-4934-9541-92B3D261296F}.Debug|Any CPU.ActiveCfg = Debug|Any CPU
		{93253A84-ADFE-4934-9541-92B3D261296F}.Debug|Any CPU.Build.0 = Debug|Any CPU
		{93253A84-ADFE-4934-9541-92B3D261296F}.Debug|x64.ActiveCfg = Debug|Any CPU
		{93253A84-ADFE-4934-9541-92B3D261296F}.Debug|x64.Build.0 = Debug|Any CPU
		{93253A84-ADFE-4934-9541-92B3D261296F}.Debug|x86.ActiveCfg = Debug|Any CPU
		{93253A84-ADFE-4934-9541-92B3D261296F}.Debug|x86.Build.0 = Debug|Any CPU
		{93253A84-ADFE-4934-9541-92B3D261296F}.Release|Any CPU.ActiveCfg = Release|Any CPU
		{93253A84-ADFE-4934-9541-92B3D261296F}.Release|Any CPU.Build.0 = Release|Any CPU
		{93253A84-ADFE-4934-9541-92B3D261296F}.Release|x64.ActiveCfg = Release|Any CPU
		{93253A84-ADFE-4934-9541-92B3D261296F}.Release|x64.Build.0 = Release|Any CPU
		{93253A84-ADFE-4934-9541-92B3D261296F}.Release|x86.ActiveCfg = Release|Any CPU
		{93253A84-ADFE-4934-9541-92B3D261296F}.Release|x86.Build.0 = Release|Any CPU
	EndGlobalSection
	GlobalSection(SolutionProperties) = preSolution
		HideSolutionNode = FALSE
	EndGlobalSection
	GlobalSection(NestedProjects) = preSolution
		{B0000000-0000-0000-0000-000000000001} = {A0000000-0000-0000-0000-000000000001}
		{B0000000-0000-0000-0000-000000000002} = {A0000000-0000-0000-0000-000000000001}
		{B0000000-0000-0000-0000-000000000003} = {A0000000-0000-0000-0000-000000000001}
		{B0000000-0000-0000-0000-000000000004} = {A0000000-0000-0000-0000-000000000001}
		{B0000000-0000-0000-0000-000000000005} = {A0000000-0000-0000-0000-000000000001}
		{B0000000-0000-0000-0000-000000000006} = {A0000000-0000-0000-0000-000000000001}
		{B0000000-0000-0000-0000-000000000007} = {A0000000-0000-0000-0000-000000000001}
		{0B15B231-DFA1-4C14-B5A2-57A32A0B6B6C} = {A0000000-0000-0000-0000-000000000002}
		{ED91455C-C0F8-499F-8AFF-72141B87A7A3} = {A0000000-0000-0000-0000-000000000002}
		{98F2391B-6BE9-46B2-ACA0-95C84C9562FC} = {A0000000-0000-0000-0000-000000000002}
		{8CED21F9-CACA-4E54-831E-449100C945E9} = {A0000000-0000-0000-0000-000000000002}
		{161B1AD2-E1BD-4287-9018-FE06F0909409} = {A0000000-0000-0000-0000-000000000002}
		{593272FD-51B8-4C10-98F4-BE2B97C6AA96} = {A0000000-0000-0000-0000-000000000002}
		{FCD1D6E6-32B0-478F-BAFC-9A696D4A026E} = {A0000000-0000-0000-0000-000000000002}
		{AC577B49-A993-4F34-B309-CE159CF941D4} = {A0000000-0000-0000-0000-000000000001}
		{3B9770F8-91DC-4914-8B88-4F92888A31B6} = {A0000000-0000-0000-0000-000000000002}
		{F5BD626C-BC44-4FC9-8AB3-777D716EF9A3} = {A0000000-0000-0000-0000-000000000002}
		{93253A84-ADFE-4934-9541-92B3D261296F} = {A0000000-0000-0000-0000-000000000001}
	EndGlobalSection
EndGlobal
